# This file is automatically @generated by Poetry 1.5.1 and should not be changed by hand.

[[package]]
name = "graphics-py"
version = "5.0.1.post1"
description = "John Zelles graphics.py package, for use with the textbook \"Python Programming: An Introduction to Computer Science\""
optional = false
python-versions = "*"
files = [
    {file = "graphics.py-5.0.1.post1.tar.gz", hash = "sha256:583561cc577447e452fb2b1352c0fc615396b12b30dfbbce48e8190d2e330a97"},
]

[metadata]
lock-version = "2.0"
python-versions = ">=3.10.0,<3.11"
content-hash = "fa1b1d4770a5ca23b9a33a473968e47cfef98165f7b8045a518c4909fb2a922e"
